{
  "name": "Server",
  "lockfileVersion": 3,
  "requires": true,
  "packages": {
    "": {
      "dependencies": {
        "kill-port": "^2.0.1",
        "mesa": "^0.7.2"
      }
    },
    "node_modules/criterion": {
      "version": "0.3.2",
      "resolved": "https://registry.npmjs.org/criterion/-/criterion-0.3.2.tgz",
      "integrity": "sha512-g7dGeUUc2th9S4zKY7OA51AHjdEtBhr4bEHl9PF6MSJuU9E8SlnJU8eZg/pvyBFWk1vIofwiVy37tCWd73hFuA==",
      "engines": {
        "node": ">=0.8.5"
      }
    },
    "node_modules/get-them-args": {
      "version": "1.3.2",
      "resolved": "https://registry.npmjs.org/get-them-args/-/get-them-args-1.3.2.tgz",
      "integrity": "sha512-LRn8Jlk+DwZE4GTlDbT3Hikd1wSHgLMme/+7ddlqKd7ldwR6LjJgTVWzBnR01wnYGe4KgrXjg287RaI22UHmAw=="
    },
    "node_modules/kill-port": {
      "version": "2.0.1",
      "resolved": "https://registry.npmjs.org/kill-port/-/kill-port-2.0.1.tgz",
      "integrity": "sha512-e0SVOV5jFo0mx8r7bS29maVWp17qGqLBZ5ricNSajON6//kmb7qqqNnml4twNE8Dtj97UQD+gNFOaipS/q1zzQ==",
      "dependencies": {
        "get-them-args": "1.3.2",
        "shell-exec": "1.0.2"
      },
      "bin": {
        "kill-port": "cli.js"
      }
    },
    "node_modules/mesa": {
      "version": "0.7.2",
      "resolved": "https://registry.npmjs.org/mesa/-/mesa-0.7.2.tgz",
      "integrity": "sha512-NiXZFmzqK15IjCD4epbUkvZOqt+rdtENhqnBZNomjKeoWJYVKwoGM8zl1Sy79VaIv0tcRNYNlw4ceU1sHhJN3Q==",
      "dependencies": {
        "mohair": "0.11.0",
        "underscore": "1.4.4"
      },
      "engines": {
        "node": ">=0.8.5"
      }
    },
    "node_modules/mohair": {
      "version": "0.11.0",
      "resolved": "https://registry.npmjs.org/mohair/-/mohair-0.11.0.tgz",
      "integrity": "sha512-ItF0Ae7FaWeIvlq3OloBgy7e/DJCE6vg/wmzW94s5tMflMxP1IIetkfJq4MdJ1Hj0DnftVOesbnOctd0ciyMPA==",
      "dependencies": {
        "criterion": "0.3.2"
      },
      "engines": {
        "node": ">=0.8.5"
      }
    },
    "node_modules/shell-exec": {
      "version": "1.0.2",
      "resolved": "https://registry.npmjs.org/shell-exec/-/shell-exec-1.0.2.tgz",
      "integrity": "sha512-jyVd+kU2X+mWKMmGhx4fpWbPsjvD53k9ivqetutVW/BQ+WIZoDoP4d8vUMGezV6saZsiNoW2f9GIhg9Dondohg=="
    },
    "node_modules/underscore": {
      "version": "1.4.4",
      "resolved": "https://registry.npmjs.org/underscore/-/underscore-1.4.4.tgz",
      "integrity": "sha512-ZqGrAgaqqZM7LGRzNjLnw5elevWb5M8LEoDMadxIW3OWbcv72wMMgKdwOKpd5Fqxe8choLD8HN3iSj3TUh/giQ=="
    }
  }
}
